// !$*UTF8*$!
{
	archiveVersion = 1;
	classes = {
	};
	objectVersion = 46;
	objects = {

/* Begin PBXBuildFile section */
		2968C6DA13C68A00009342DC /* Cocoa.framework in Frameworks */ = {isa = PBXBuildFile; fileRef = 2968C6D913C68A00009342DC /* Cocoa.framework */; };
		2968C6E413C68A00009342DC /* InfoPlist.strings in Resources */ = {isa = PBXBuildFile; fileRef = 2968C6E213C68A00009342DC /* InfoPlist.strings */; };
		2968C6E613C68A00009342DC /* main.m in Sources */ = {isa = PBXBuildFile; fileRef = 2968C6E513C68A00009342DC /* main.m */; };
		2968C6EA13C68A00009342DC /* Credits.rtf in Resources */ = {isa = PBXBuildFile; fileRef = 2968C6E813C68A00009342DC /* Credits.rtf */; };
		2968C6ED13C68A00009342DC /* Book.m in Sources */ = {isa = PBXBuildFile; fileRef = 2968C6EC13C68A00009342DC /* Book.m */; };
		2968C6F013C68A00009342DC /* Book.xib in Resources */ = {isa = PBXBuildFile; fileRef = 2968C6EE13C68A00009342DC /* Book.xib */; };
		2968C6F313C68A00009342DC /* MainMenu.xib in Resources */ = {isa = PBXBuildFile; fileRef = 2968C6F113C68A00009342DC /* MainMenu.xib */; };
		29BB432813DDE484001CF52A /* BookWindowController.m in Sources */ = {isa = PBXBuildFile; fileRef = 29BB432713DDE484001CF52A /* BookWindowController.m */; };
		29C2D1D91429ADE800CD12E6 /* css in Resources */ = {isa = PBXBuildFile; fileRef = 29C2D1D81429ADE800CD12E6 /* css */; };
		29F79E4F13CFA7E70061E1FA /* BookProtocol.m in Sources */ = {isa = PBXBuildFile; fileRef = 29F79E4E13CFA7E70061E1FA /* BookProtocol.m */; };
		29F79E5213D01EC20061E1FA /* BookAppDelegate.m in Sources */ = {isa = PBXBuildFile; fileRef = 29F79E5113D01EC20061E1FA /* BookAppDelegate.m */; };
		29FB981F13C6BC6D009044B0 /* WebKit.framework in Frameworks */ = {isa = PBXBuildFile; fileRef = 29FB981E13C6BC6D009044B0 /* WebKit.framework */; };
		29FB985713CD0833009044B0 /* ZipKit.framework in Frameworks */ = {isa = PBXBuildFile; fileRef = 29FB984D13CD069E009044B0 /* ZipKit.framework */; };
/* End PBXBuildFile section */

/* Begin PBXContainerItemProxy section */
		29FB984C13CD069E009044B0 /* PBXContainerItemProxy */ = {
			isa = PBXContainerItemProxy;
			containerPortal = 29FB983113CD069D009044B0 /* ZipKit.xcodeproj */;
			proxyType = 2;
			remoteGlobalIDString = 8DC2EF5B0486A6940098B216;
			remoteInfo = ZipKit;
		};
		29FB984E13CD069E009044B0 /* PBXContainerItemProxy */ = {
			isa = PBXContainerItemProxy;
			containerPortal = 29FB983113CD069D009044B0 /* ZipKit.xcodeproj */;
			proxyType = 2;
			remoteGlobalIDString = CB9B9CB6109F665C003E3F8B;
			remoteInfo = zipkit;
		};
		29FB985013CD069E009044B0 /* PBXContainerItemProxy */ = {
			isa = PBXContainerItemProxy;
			containerPortal = 29FB983113CD069D009044B0 /* ZipKit.xcodeproj */;
			proxyType = 2;
			remoteGlobalIDString = CB9B9CEE109F6769003E3F8B;
			remoteInfo = touchzipkit;
		};
/* End PBXContainerItemProxy section */

/* Begin PBXFileReference section */
		2968C6D513C68A00009342DC /* Bookish.app */ = {isa = PBXFileReference; explicitFileType = wrapper.application; includeInIndex = 0; path = Bookish.app; sourceTree = BUILT_PRODUCTS_DIR; };
		2968C6D913C68A00009342DC /* Cocoa.framework */ = {isa = PBXFileReference; lastKnownFileType = wrapper.framework; name = Cocoa.framework; path = System/Library/Frameworks/Cocoa.framework; sourceTree = SDKROOT; };
		2968C6DC13C68A00009342DC /* AppKit.framework */ = {isa = PBXFileReference; lastKnownFileType = wrapper.framework; name = AppKit.framework; path = System/Library/Frameworks/AppKit.framework; sourceTree = SDKROOT; };
		2968C6DD13C68A00009342DC /* CoreData.framework */ = {isa = PBXFileReference; lastKnownFileType = wrapper.framework; name = CoreData.framework; path = System/Library/Frameworks/CoreData.framework; sourceTree = SDKROOT; };
		2968C6DE13C68A00009342DC /* Foundation.framework */ = {isa = PBXFileReference; lastKnownFileType = wrapper.framework; name = Foundation.framework; path = System/Library/Frameworks/Foundation.framework; sourceTree = SDKROOT; };
		2968C6E113C68A00009342DC /* Bookish-Info.plist */ = {isa = PBXFileReference; lastKnownFileType = text.plist.xml; path = "Bookish-Info.plist"; sourceTree = "<group>"; };
		2968C6E313C68A00009342DC /* en */ = {isa = PBXFileReference; lastKnownFileType = text.plist.strings; name = en; path = en.lproj/InfoPlist.strings; sourceTree = "<group>"; };
		2968C6E513C68A00009342DC /* main.m */ = {isa = PBXFileReference; lastKnownFileType = sourcecode.c.objc; path = main.m; sourceTree = "<group>"; };
		2968C6E713C68A00009342DC /* Bookish-Prefix.pch */ = {isa = PBXFileReference; lastKnownFileType = sourcecode.c.h; path = "Bookish-Prefix.pch"; sourceTree = "<group>"; };
		2968C6E913C68A00009342DC /* en */ = {isa = PBXFileReference; lastKnownFileType = text.rtf; name = en; path = en.lproj/Credits.rtf; sourceTree = "<group>"; };
		2968C6EB13C68A00009342DC /* Book.h */ = {isa = PBXFileReference; lastKnownFileType = sourcecode.c.h; path = Book.h; sourceTree = "<group>"; };
		2968C6EC13C68A00009342DC /* Book.m */ = {isa = PBXFileReference; lastKnownFileType = sourcecode.c.objc; path = Book.m; sourceTree = "<group>"; };
		2968C6EF13C68A00009342DC /* en */ = {isa = PBXFileReference; lastKnownFileType = file.xib; name = en; path = en.lproj/Book.xib; sourceTree = "<group>"; };
		2968C6F213C68A00009342DC /* en */ = {isa = PBXFileReference; lastKnownFileType = file.xib; name = en; path = en.lproj/MainMenu.xib; sourceTree = "<group>"; };
		29BB432613DDE484001CF52A /* BookWindowController.h */ = {isa = PBXFileReference; fileEncoding = 4; lastKnownFileType = sourcecode.c.h; path = BookWindowController.h; sourceTree = "<group>"; };
		29BB432713DDE484001CF52A /* BookWindowController.m */ = {isa = PBXFileReference; fileEncoding = 4; lastKnownFileType = sourcecode.c.objc; path = BookWindowController.m; sourceTree = "<group>"; };
		29C2D1D81429ADE800CD12E6 /* css */ = {isa = PBXFileReference; lastKnownFileType = folder; path = css; sourceTree = "<group>"; };
		29F79E4D13CFA7E70061E1FA /* BookProtocol.h */ = {isa = PBXFileReference; fileEncoding = 4; lastKnownFileType = sourcecode.c.h; path = BookProtocol.h; sourceTree = "<group>"; };
		29F79E4E13CFA7E70061E1FA /* BookProtocol.m */ = {isa = PBXFileReference; fileEncoding = 4; lastKnownFileType = sourcecode.c.objc; path = BookProtocol.m; sourceTree = "<group>"; };
		29F79E5013D01EC20061E1FA /* BookAppDelegate.h */ = {isa = PBXFileReference; fileEncoding = 4; lastKnownFileType = sourcecode.c.h; path = BookAppDelegate.h; sourceTree = "<group>"; };
		29F79E5113D01EC20061E1FA /* BookAppDelegate.m */ = {isa = PBXFileReference; fileEncoding = 4; lastKnownFileType = sourcecode.c.objc; path = BookAppDelegate.m; sourceTree = "<group>"; };
		29FB981E13C6BC6D009044B0 /* WebKit.framework */ = {isa = PBXFileReference; lastKnownFileType = wrapper.framework; name = WebKit.framework; path = System/Library/Frameworks/WebKit.framework; sourceTree = SDKROOT; };
		29FB983113CD069D009044B0 /* ZipKit.xcodeproj */ = {isa = PBXFileReference; lastKnownFileType = "wrapper.pb-project"; name = ZipKit.xcodeproj; path = zipkit/ZipKit.xcodeproj; sourceTree = "<group>"; };
/* End PBXFileReference section */

/* Begin PBXFrameworksBuildPhase section */
		2968C6D213C68A00009342DC /* Frameworks */ = {
			isa = PBXFrameworksBuildPhase;
			buildActionMask = 2147483647;
			files = (
				29FB981F13C6BC6D009044B0 /* WebKit.framework in Frameworks */,
				2968C6DA13C68A00009342DC /* Cocoa.framework in Frameworks */,
				29FB985713CD0833009044B0 /* ZipKit.framework in Frameworks */,
			);
			runOnlyForDeploymentPostprocessing = 0;
		};
/* End PBXFrameworksBuildPhase section */

/* Begin PBXGroup section */
		2968C6CA13C68A00009342DC = {
			isa = PBXGroup;
			children = (
				29FB983113CD069D009044B0 /* ZipKit.xcodeproj */,
				2968C6DF13C68A00009342DC /* Bookish */,
				2968C6D813C68A00009342DC /* Frameworks */,
				2968C6D613C68A00009342DC /* Products */,
			);
			sourceTree = "<group>";
		};
		2968C6D613C68A00009342DC /* Products */ = {
			isa = PBXGroup;
			children = (
				2968C6D513C68A00009342DC /* Bookish.app */,
			);
			name = Products;
			sourceTree = "<group>";
		};
		2968C6D813C68A00009342DC /* Frameworks */ = {
			isa = PBXGroup;
			children = (
				2968C6D913C68A00009342DC /* Cocoa.framework */,
				29FB981E13C6BC6D009044B0 /* WebKit.framework */,
				2968C6DB13C68A00009342DC /* Other Frameworks */,
			);
			name = Frameworks;
			sourceTree = "<group>";
		};
		2968C6DB13C68A00009342DC /* Other Frameworks */ = {
			isa = PBXGroup;
			children = (
				2968C6DC13C68A00009342DC /* AppKit.framework */,
				2968C6DD13C68A00009342DC /* CoreData.framework */,
				2968C6DE13C68A00009342DC /* Foundation.framework */,
			);
			name = "Other Frameworks";
			sourceTree = "<group>";
		};
		2968C6DF13C68A00009342DC /* Bookish */ = {
			isa = PBXGroup;
			children = (
				2968C6EB13C68A00009342DC /* Book.h */,
				2968C6EC13C68A00009342DC /* Book.m */,
				29BB432613DDE484001CF52A /* BookWindowController.h */,
				29BB432713DDE484001CF52A /* BookWindowController.m */,
				29F79E4D13CFA7E70061E1FA /* BookProtocol.h */,
				29F79E4E13CFA7E70061E1FA /* BookProtocol.m */,
				29F79E5013D01EC20061E1FA /* BookAppDelegate.h */,
				29F79E5113D01EC20061E1FA /* BookAppDelegate.m */,
				2968C6EE13C68A00009342DC /* Book.xib */,
				2968C6F113C68A00009342DC /* MainMenu.xib */,
				29C2D1D81429ADE800CD12E6 /* css */,
				2968C6E013C68A00009342DC /* Supporting Files */,
			);
			path = Bookish;
			sourceTree = "<group>";
		};
		2968C6E013C68A00009342DC /* Supporting Files */ = {
			isa = PBXGroup;
			children = (
				2968C6E113C68A00009342DC /* Bookish-Info.plist */,
				2968C6E213C68A00009342DC /* InfoPlist.strings */,
				2968C6E513C68A00009342DC /* main.m */,
				2968C6E713C68A00009342DC /* Bookish-Prefix.pch */,
				2968C6E813C68A00009342DC /* Credits.rtf */,
			);
			name = "Supporting Files";
			sourceTree = "<group>";
		};
		29FB983213CD069D009044B0 /* Products */ = {
			isa = PBXGroup;
			children = (
				29FB984D13CD069E009044B0 /* ZipKit.framework */,
				29FB984F13CD069E009044B0 /* libzipkit.a */,
				29FB985113CD069E009044B0 /* libtouchzipkit.a */,
			);
			name = Products;
			sourceTree = "<group>";
		};
/* End PBXGroup section */

/* Begin PBXNativeTarget section */
		2968C6D413C68A00009342DC /* Bookish */ = {
			isa = PBXNativeTarget;
			buildConfigurationList = 2968C6F613C68A00009342DC /* Build configuration list for PBXNativeTarget "Bookish" */;
			buildPhases = (
				2968C6D113C68A00009342DC /* Sources */,
				2968C6D213C68A00009342DC /* Frameworks */,
				2968C6D313C68A00009342DC /* Resources */,
			);
			buildRules = (
			);
			dependencies = (
			);
			name = Bookish;
			productName = Bookish;
			productReference = 2968C6D513C68A00009342DC /* Bookish.app */;
			productType = "com.apple.product-type.application";
		};
/* End PBXNativeTarget section */

/* Begin PBXProject section */
		2968C6CC13C68A00009342DC /* Project object */ = {
			isa = PBXProject;
			attributes = {
				LastUpgradeCheck = 0420;
			};
			buildConfigurationList = 2968C6CF13C68A00009342DC /* Build configuration list for PBXProject "Bookish" */;
			compatibilityVersion = "Xcode 3.2";
			developmentRegion = English;
			hasScannedForEncodings = 0;
			knownRegions = (
				en,
			);
			mainGroup = 2968C6CA13C68A00009342DC;
			productRefGroup = 2968C6D613C68A00009342DC /* Products */;
			projectDirPath = "";
			projectReferences = (
				{
					ProductGroup = 29FB983213CD069D009044B0 /* Products */;
					ProjectRef = 29FB983113CD069D009044B0 /* ZipKit.xcodeproj */;
				},
			);
			projectRoot = "";
			targets = (
				2968C6D413C68A00009342DC /* Bookish */,
			);
		};
/* End PBXProject section */

/* Begin PBXReferenceProxy section */
		29FB984D13CD069E009044B0 /* ZipKit.framework */ = {
			isa = PBXReferenceProxy;
			fileType = wrapper.framework;
			path = ZipKit.framework;
			remoteRef = 29FB984C13CD069E009044B0 /* PBXContainerItemProxy */;
			sourceTree = BUILT_PRODUCTS_DIR;
		};
		29FB984F13CD069E009044B0 /* libzipkit.a */ = {
			isa = PBXReferenceProxy;
			fileType = archive.ar;
			path = libzipkit.a;
			remoteRef = 29FB984E13CD069E009044B0 /* PBXContainerItemProxy */;
			sourceTree = BUILT_PRODUCTS_DIR;
		};
		29FB985113CD069E009044B0 /* libtouchzipkit.a */ = {
			isa = PBXReferenceProxy;
			fileType = archive.ar;
			path = libtouchzipkit.a;
			remoteRef = 29FB985013CD069E009044B0 /* PBXContainerItemProxy */;
			sourceTree = BUILT_PRODUCTS_DIR;
		};
/* End PBXReferenceProxy section */

/* Begin PBXResourcesBuildPhase section */
		2968C6D313C68A00009342DC /* Resources */ = {
			isa = PBXResourcesBuildPhase;
			buildActionMask = 2147483647;
			files = (
				2968C6E413C68A00009342DC /* InfoPlist.strings in Resources */,
				2968C6EA13C68A00009342DC /* Credits.rtf in Resources */,
				2968C6F013C68A00009342DC /* Book.xib in Resources */,
				2968C6F313C68A00009342DC /* MainMenu.xib in Resources */,
				29C2D1D91429ADE800CD12E6 /* css in Resources */,
			);
			runOnlyForDeploymentPostprocessing = 0;
		};
/* End PBXResourcesBuildPhase section */

/* Begin PBXSourcesBuildPhase section */
		2968C6D113C68A00009342DC /* Sources */ = {
			isa = PBXSourcesBuildPhase;
			buildActionMask = 2147483647;
			files = (
				2968C6E613C68A00009342DC /* main.m in Sources */,
				2968C6ED13C68A00009342DC /* Book.m in Sources */,
				29F79E4F13CFA7E70061E1FA /* BookProtocol.m in Sources */,
				29F79E5213D01EC20061E1FA /* BookAppDelegate.m in Sources */,
				29BB432813DDE484001CF52A /* BookWindowController.m in Sources */,
			);
			runOnlyForDeploymentPostprocessing = 0;
		};
/* End PBXSourcesBuildPhase section */

/* Begin PBXVariantGroup section */
		2968C6E213C68A00009342DC /* InfoPlist.strings */ = {
			isa = PBXVariantGroup;
			children = (
				2968C6E313C68A00009342DC /* en */,
			);
			name = InfoPlist.strings;
			sourceTree = "<group>";
		};
		2968C6E813C68A00009342DC /* Credits.rtf */ = {
			isa = PBXVariantGroup;
			children = (
				2968C6E913C68A00009342DC /* en */,
			);
			name = Credits.rtf;
			sourceTree = "<group>";
		};
		2968C6EE13C68A00009342DC /* Book.xib */ = {
			isa = PBXVariantGroup;
			children = (
				2968C6EF13C68A00009342DC /* en */,
			);
			name = Book.xib;
			sourceTree = "<group>";
		};
		2968C6F113C68A00009342DC /* MainMenu.xib */ = {
			isa = PBXVariantGroup;
			children = (
				2968C6F213C68A00009342DC /* en */,
			);
			name = MainMenu.xib;
			sourceTree = "<group>";
		};
/* End PBXVariantGroup section */

/* Begin XCBuildConfiguration section */
		2968C6F413C68A00009342DC /* Debug */ = {
			isa = XCBuildConfiguration;
			buildSettings = {
				ALWAYS_SEARCH_USER_PATHS = NO;
				ARCHS = "$(ARCHS_STANDARD_32_64_BIT)";
				COPY_PHASE_STRIP = NO;
				GCC_C_LANGUAGE_STANDARD = gnu99;
				GCC_DYNAMIC_NO_PIC = NO;
				GCC_ENABLE_OBJC_EXCEPTIONS = YES;
				GCC_OPTIMIZATION_LEVEL = 0;
				GCC_PREPROCESSOR_DEFINITIONS = (
					"DEBUG=1",
					"$(inherited)",
				);
				GCC_SYMBOLS_PRIVATE_EXTERN = NO;
				GCC_VERSION = com.apple.compilers.llvm.clang.1_0;
				GCC_WARN_64_TO_32_BIT_CONVERSION = YES;
				GCC_WARN_ABOUT_MISSING_PROTOTYPES = YES;
				GCC_WARN_ABOUT_RETURN_TYPE = YES;
				GCC_WARN_UNUSED_VARIABLE = YES;
				MACOSX_DEPLOYMENT_TARGET = 10.6;
				ONLY_ACTIVE_ARCH = YES;
				SDKROOT = macosx;
			};
			name = Debug;
		};
		2968C6F513C68A00009342DC /* Release */ = {
			isa = XCBuildConfiguration;
			buildSettings = {
				ALWAYS_SEARCH_USER_PATHS = NO;
				ARCHS = "$(ARCHS_STANDARD_32_64_BIT)";
				COPY_PHASE_STRIP = YES;
				DEBUG_INFORMATION_FORMAT = "dwarf-with-dsym";
				GCC_C_LANGUAGE_STANDARD = gnu99;
				GCC_ENABLE_OBJC_EXCEPTIONS = YES;
				GCC_VERSION = com.apple.compilers.llvm.clang.1_0;
				GCC_WARN_64_TO_32_BIT_CONVERSION = YES;
				GCC_WARN_ABOUT_MISSING_PROTOTYPES = YES;
				GCC_WARN_ABOUT_RETURN_TYPE = YES;
				GCC_WARN_UNUSED_VARIABLE = YES;
				MACOSX_DEPLOYMENT_TARGET = 10.6;
				SDKROOT = macosx;
			};
			name = Release;
		};
		2968C6F713C68A00009342DC /* Debug */ = {
			isa = XCBuildConfiguration;
			buildSettings = {
				GCC_PRECOMPILE_PREFIX_HEADER = YES;
				GCC_PREFIX_HEADER = "Bookish/Bookish-Prefix.pch";
				INFOPLIST_FILE = "Bookish/Bookish-Info.plist";
				PRODUCT_NAME = "$(TARGET_NAME)";
				WRAPPER_EXTENSION = app;
			};
			name = Debug;
		};
		2968C6F813C68A00009342DC /* Release */ = {
			isa = XCBuildConfiguration;
			buildSettings = {
				GCC_PRECOMPILE_PREFIX_HEADER = YES;
				GCC_PREFIX_HEADER = "Bookish/Bookish-Prefix.pch";
				INFOPLIST_FILE = "Bookish/Bookish-Info.plist";
				PRODUCT_NAME = "$(TARGET_NAME)";
				WRAPPER_EXTENSION = app;
			};
			name = Release;
		};
/* End XCBuildConfiguration section */

/* Begin XCConfigurationList section */
		2968C6CF13C68A00009342DC /* Build configuration list for PBXProject "Bookish" */ = {
			isa = XCConfigurationList;
			buildConfigurations = (
				2968C6F413C68A00009342DC /* Debug */,
				2968C6F513C68A00009342DC /* Release */,
			);
			defaultConfigurationIsVisible = 0;
			defaultConfigurationName = Release;
		};
		2968C6F613C68A00009342DC /* Build configuration list for PBXNativeTarget "Bookish" */ = {
			isa = XCConfigurationList;
			buildConfigurations = (
				2968C6F713C68A00009342DC /* Debug */,
				2968C6F813C68A00009342DC /* Release */,
			);
			defaultConfigurationIsVisible = 0;
			defaultConfigurationName = Release;
		};
/* End XCConfigurationList section */
	};
	rootObject = 2968C6CC13C68A00009342DC /* Project object */;
}
